
Microsoft Visual Studio Solution File, Format Version 12.00
# Visual Studio 15
VisualStudioVersion = 15.0.26124.0
MinimumVisualStudioVersion = 15.0.26124.0
Project("{2150E333-8FDC-42A3-9474-1A3956D46DE8}") = "src", "src", "{F7B9BFB1-C836-4432-BE64-719A38E0BBEF}"
EndProject
Project("{2150E333-8FDC-42A3-9474-1A3956D46DE8}") = "Solution Items", "Solution Items", "{90E3631E-FE7C-4546-A54E-6E0750E18851}"
	ProjectSection(SolutionItems) = preProject
		appveyor.yml = appveyor.yml
		nuget.config = nuget.config
	EndProjectSection
EndProject
Project("{FAE04EC0-301F-11D3-BF4B-00C04F79EFBC}") = "Launchpad.Net", "src\Launchpad.Net\Launchpad.Net.csproj", "{D601D1B6-905D-445D-9947-09A856D8C3DB}"
EndProject
Global
	GlobalSection(SolutionConfigurationPlatforms) = preSolution
		Debug|Any CPU = Debug|Any CPU
		Debug|x64 = Debug|x64
		Debug|x86 = Debug|x86
		Release|Any CPU = Release|Any CPU
		Release|x64 = Release|x64
		Release|x86 = Release|x86
	EndGlobalSection
	GlobalSection(ProjectConfigurationPlatforms) = postSolution
		{D601D1B6-905D-445D-9947-09A856D8C3DB}.Debug|Any CPU.ActiveCfg = Debug|Any CPU
		{D601D1B6-905D-445D-9947-09A856D8C3DB}.Debug|Any CPU.Build.0 = Debug|Any CPU
		{D601D1B6-905D-445D-9947-09A856D8C3DB}.Debug|x64.ActiveCfg = Debug|Any CPU
		{D601D1B6-905D-445D-9947-09A856D8C3DB}.Debug|x64.Build.0 = Debug|Any CPU
		{D601D1B6-905D-445D-9947-09A856D8C3DB}.Debug|x86.ActiveCfg = Debug|Any CPU
		{D601D1B6-905D-445D-9947-09A856D8C3DB}.Debug|x86.Build.0 = Debug|Any CPU
		{D601D1B6-905D-445D-9947-09A856D8C3DB}.Release|Any CPU.ActiveCfg = Release|Any CPU
		{D601D1B6-905D-445D-9947-09A856D8C3DB}.Release|Any CPU.Build.0 = Release|Any CPU
		{D601D1B6-905D-445D-9947-09A856D8C3DB}.Release|x64.ActiveCfg = Release|Any CPU
		{D601D1B6-905D-445D-9947-09A856D8C3DB}.Release|x64.Build.0 = Release|Any CPU
		{D601D1B6-905D-445D-9947-09A856D8C3DB}.Release|x86.ActiveCfg = Release|Any CPU
		{D601D1B6-905D-445D-9947-09A856D8C3DB}.Release|x86.Build.0 = Release|Any CPU
	EndGlobalSection
	GlobalSection(SolutionProperties) = preSolution
		HideSolutionNode = FALSE
	EndGlobalSection
	GlobalSection(NestedProjects) = preSolution
		{D601D1B6-905D-445D-9947-09A856D8C3DB} = {F7B9BFB1-C836-4432-BE64-719A38E0BBEF}
	EndGlobalSection
	GlobalSection(ExtensibilityGlobals) = postSolution
		SolutionGuid = {B5B02039-F4C2-44C6-91B8-340E44472AED}
	EndGlobalSection
EndGlobal
